
Microsoft Visual Studio Solution File, Format Version 12.00
# Visual Studio 15
VisualStudioVersion = 15.0.27130.2010
MinimumVisualStudioVersion = 10.0.40219.1
Project("{FAE04EC0-301F-11D3-BF4B-00C04F79EFBC}") = "Calculator", "Calculator\Calculator.csproj", "{11C3E5EF-8877-483B-AAF1-1672452E7EE8}"
EndProject
Global
	GlobalSection(SolutionConfigurationPlatforms) = preSolution
		Debug|Any CPU = Debug|Any CPU
		Release|Any CPU = Release|Any CPU
	EndGlobalSection
	GlobalSection(ProjectConfigurationPlatforms) = postSolution
		{11C3E5EF-8877-483B-AAF1-1672452E7EE8}.Debug|Any CPU.ActiveCfg = Debug|Any CPU
		{11C3E5EF-8877-483B-AAF1-1672452E7EE8}.Debug|Any CPU.Build.0 = Debug|Any CPU
		{11C3E5EF-8877-483B-AAF1-1672452E7EE8}.Release|Any CPU.ActiveCfg = Release|Any CPU
		{11C3E5EF-8877-483B-AAF1-1672452E7EE8}.Release|Any CPU.Build.0 = Release|Any CPU
	EndGlobalSection
	GlobalSection(SolutionProperties) = preSolution
		HideSolutionNode = FALSE
	EndGlobalSection
	GlobalSection(ExtensibilityGlobals) = postSolution
		SolutionGuid = {AD7CB4B3-BA3A-4DDF-9185-7F66A9A68386}
	EndGlobalSection
EndGlobal
